
Microsoft Visual Studio Solution File, Format Version 12.00
# Visual Studio Version 17
VisualStudioVersion = 17.7.34024.191
MinimumVisualStudioVersion = 10.0.40219.1
Project("{FAE04EC0-301F-11D3-BF4B-00C04F79EFBC}") = "Uppgift", "Uppgift.csproj", "{EE3DC2E2-14A2-47DC-ADBA-6CCC2A54BEEE}"
EndProject
Global
	GlobalSection(SolutionConfigurationPlatforms) = preSolution
		Debug|Any CPU = Debug|Any CPU
		Release|Any CPU = Release|Any CPU
	EndGlobalSection
	GlobalSection(ProjectConfigurationPlatforms) = postSolution
		{EE3DC2E2-14A2-47DC-ADBA-6CCC2A54BEEE}.Debug|Any CPU.ActiveCfg = Debug|Any CPU
		{EE3DC2E2-14A2-47DC-ADBA-6CCC2A54BEEE}.Debug|Any CPU.Build.0 = Debug|Any CPU
		{EE3DC2E2-14A2-47DC-ADBA-6CCC2A54BEEE}.Release|Any CPU.ActiveCfg = Release|Any CPU
		{EE3DC2E2-14A2-47DC-ADBA-6CCC2A54BEEE}.Release|Any CPU.Build.0 = Release|Any CPU
	EndGlobalSection
	GlobalSection(SolutionProperties) = preSolution
		HideSolutionNode = FALSE
	EndGlobalSection
	GlobalSection(ExtensibilityGlobals) = postSolution
		SolutionGuid = {E0B147B3-3A85-4102-94B8-2D09E59481FB}
	EndGlobalSection
EndGlobal
