
Microsoft Visual Studio Solution File, Format Version 12.00
# Visual Studio Version 17
VisualStudioVersion = 17.7.34024.191
MinimumVisualStudioVersion = 10.0.40219.1
Project("{FAE04EC0-301F-11D3-BF4B-00C04F79EFBC}") = "Uppgift7.2", "Uppgift7.2.csproj", "{3E52E82D-A728-4906-B24B-46987045AA13}"
EndProject
Global
	GlobalSection(SolutionConfigurationPlatforms) = preSolution
		Debug|Any CPU = Debug|Any CPU
		Release|Any CPU = Release|Any CPU
	EndGlobalSection
	GlobalSection(ProjectConfigurationPlatforms) = postSolution
		{3E52E82D-A728-4906-B24B-46987045AA13}.Debug|Any CPU.ActiveCfg = Debug|Any CPU
		{3E52E82D-A728-4906-B24B-46987045AA13}.Debug|Any CPU.Build.0 = Debug|Any CPU
		{3E52E82D-A728-4906-B24B-46987045AA13}.Release|Any CPU.ActiveCfg = Release|Any CPU
		{3E52E82D-A728-4906-B24B-46987045AA13}.Release|Any CPU.Build.0 = Release|Any CPU
	EndGlobalSection
	GlobalSection(SolutionProperties) = preSolution
		HideSolutionNode = FALSE
	EndGlobalSection
	GlobalSection(ExtensibilityGlobals) = postSolution
		SolutionGuid = {7FFBA8F7-E666-4B0E-B336-47F40A013674}
	EndGlobalSection
EndGlobal
